// !$*UTF8*$!
{
	archiveVersion = 1;
	classes = {
	};
	objectVersion = 56;
	objects = {

/* Begin PBXBuildFile section */
		F926DA69294EFFB9008A4798 /* AppDelegate.swift in Sources */ = {isa = PBXBuildFile; fileRef = F926DA68294EFFB9008A4798 /* AppDelegate.swift */; };
		F926DA6B294EFFB9008A4798 /* SceneDelegate.swift in Sources */ = {isa = PBXBuildFile; fileRef = F926DA6A294EFFB9008A4798 /* SceneDelegate.swift */; };
		F926DA70294EFFB9008A4798 /* Main.storyboard in Resources */ = {isa = PBXBuildFile; fileRef = F926DA6E294EFFB9008A4798 /* Main.storyboard */; };
		F926DA72294EFFBB008A4798 /* Assets.xcassets in Resources */ = {isa = PBXBuildFile; fileRef = F926DA71294EFFBB008A4798 /* Assets.xcassets */; };
		F926DA75294EFFBB008A4798 /* LaunchScreen.storyboard in Resources */ = {isa = PBXBuildFile; fileRef = F926DA73294EFFBB008A4798 /* LaunchScreen.storyboard */; };
		F926DA81294F0246008A4798 /* Users.swift in Sources */ = {isa = PBXBuildFile; fileRef = F926DA80294F0246008A4798 /* Users.swift */; };
		F926DA84294F02A6008A4798 /* NetworkManager.swift in Sources */ = {isa = PBXBuildFile; fileRef = F926DA83294F02A6008A4798 /* NetworkManager.swift */; };
		F926DA87294F0874008A4798 /* UsersViewController.swift in Sources */ = {isa = PBXBuildFile; fileRef = F926DA86294F0874008A4798 /* UsersViewController.swift */; };
		F926DA89294F1076008A4798 /* UserCell.swift in Sources */ = {isa = PBXBuildFile; fileRef = F926DA88294F1076008A4798 /* UserCell.swift */; };
/* End PBXBuildFile section */

/* Begin PBXFileReference section */
		F926DA65294EFFB9008A4798 /* ReqResUsers.app */ = {isa = PBXFileReference; explicitFileType = wrapper.application; includeInIndex = 0; path = ReqResUsers.app; sourceTree = BUILT_PRODUCTS_DIR; };
		F926DA68294EFFB9008A4798 /* AppDelegate.swift */ = {isa = PBXFileReference; lastKnownFileType = sourcecode.swift; path = AppDelegate.swift; sourceTree = "<group>"; };
		F926DA6A294EFFB9008A4798 /* SceneDelegate.swift */ = {isa = PBXFileReference; lastKnownFileType = sourcecode.swift; path = SceneDelegate.swift; sourceTree = "<group>"; };
		F926DA6F294EFFB9008A4798 /* Base */ = {isa = PBXFileReference; lastKnownFileType = file.storyboard; name = Base; path = Base.lproj/Main.storyboard; sourceTree = "<group>"; };
		F926DA71294EFFBB008A4798 /* Assets.xcassets */ = {isa = PBXFileReference; lastKnownFileType = folder.assetcatalog; path = Assets.xcassets; sourceTree = "<group>"; };
		F926DA74294EFFBB008A4798 /* Base */ = {isa = PBXFileReference; lastKnownFileType = file.storyboard; name = Base; path = Base.lproj/LaunchScreen.storyboard; sourceTree = "<group>"; };
		F926DA76294EFFBB008A4798 /* Info.plist */ = {isa = PBXFileReference; lastKnownFileType = text.plist.xml; path = Info.plist; sourceTree = "<group>"; };
		F926DA80294F0246008A4798 /* Users.swift */ = {isa = PBXFileReference; lastKnownFileType = sourcecode.swift; path = Users.swift; sourceTree = "<group>"; };
		F926DA83294F02A6008A4798 /* NetworkManager.swift */ = {isa = PBXFileReference; lastKnownFileType = sourcecode.swift; path = NetworkManager.swift; sourceTree = "<group>"; };
		F926DA86294F0874008A4798 /* UsersViewController.swift */ = {isa = PBXFileReference; lastKnownFileType = sourcecode.swift; name = UsersViewController.swift; path = ReqResUsers/ViewControllers/UsersViewController.swift; sourceTree = SOURCE_ROOT; };
		F926DA88294F1076008A4798 /* UserCell.swift */ = {isa = PBXFileReference; lastKnownFileType = sourcecode.swift; path = UserCell.swift; sourceTree = "<group>"; };
/* End PBXFileReference section */

/* Begin PBXFrameworksBuildPhase section */
		F926DA62294EFFB9008A4798 /* Frameworks */ = {
			isa = PBXFrameworksBuildPhase;
			buildActionMask = 2147483647;
			files = (
			);
			runOnlyForDeploymentPostprocessing = 0;
		};
/* End PBXFrameworksBuildPhase section */

/* Begin PBXGroup section */
		F926DA5C294EFFB9008A4798 = {
			isa = PBXGroup;
			children = (
				F926DA67294EFFB9008A4798 /* ReqResUsers */,
				F926DA66294EFFB9008A4798 /* Products */,
			);
			sourceTree = "<group>";
		};
		F926DA66294EFFB9008A4798 /* Products */ = {
			isa = PBXGroup;
			children = (
				F926DA65294EFFB9008A4798 /* ReqResUsers.app */,
			);
			name = Products;
			sourceTree = "<group>";
		};
		F926DA67294EFFB9008A4798 /* ReqResUsers */ = {
			isa = PBXGroup;
			children = (
				F926DA8A294FA2CE008A4798 /* Views */,
				F926DA85294F02C2008A4798 /* Services */,
				F926DA82294F0265008A4798 /* Models */,
				F926DA7C294F0008008A4798 /* App */,
				F926DA7D294F0043008A4798 /* ViewControllers */,
				F926DA7F294F007C008A4798 /* Resources */,
				F926DA7E294F0068008A4798 /* Storyboards */,
			);
			path = ReqResUsers;
			sourceTree = "<group>";
		};
		F926DA7C294F0008008A4798 /* App */ = {
			isa = PBXGroup;
			children = (
				F926DA76294EFFBB008A4798 /* Info.plist */,
				F926DA68294EFFB9008A4798 /* AppDelegate.swift */,
				F926DA6A294EFFB9008A4798 /* SceneDelegate.swift */,
			);
			path = App;
			sourceTree = "<group>";
		};
		F926DA7D294F0043008A4798 /* ViewControllers */ = {
			isa = PBXGroup;
			children = (
				F926DA86294F0874008A4798 /* UsersViewController.swift */,
			);
			path = ViewControllers;
			sourceTree = "<group>";
		};
		F926DA7E294F0068008A4798 /* Storyboards */ = {
			isa = PBXGroup;
			children = (
				F926DA6E294EFFB9008A4798 /* Main.storyboard */,
				F926DA73294EFFBB008A4798 /* LaunchScreen.storyboard */,
			);
			path = Storyboards;
			sourceTree = "<group>";
		};
		F926DA7F294F007C008A4798 /* Resources */ = {
			isa = PBXGroup;
			children = (
				F926DA71294EFFBB008A4798 /* Assets.xcassets */,
			);
			path = Resources;
			sourceTree = "<group>";
		};
		F926DA82294F0265008A4798 /* Models */ = {
			isa = PBXGroup;
			children = (
				F926DA80294F0246008A4798 /* Users.swift */,
			);
			path = Models;
			sourceTree = "<group>";
		};
		F926DA85294F02C2008A4798 /* Services */ = {
			isa = PBXGroup;
			children = (
				F926DA83294F02A6008A4798 /* NetworkManager.swift */,
			);
			path = Services;
			sourceTree = "<group>";
		};
		F926DA8A294FA2CE008A4798 /* Views */ = {
			isa = PBXGroup;
			children = (
				F926DA88294F1076008A4798 /* UserCell.swift */,
			);
			path = Views;
			sourceTree = "<group>";
		};
/* End PBXGroup section */

/* Begin PBXNativeTarget section */
		F926DA64294EFFB9008A4798 /* ReqResUsers */ = {
			isa = PBXNativeTarget;
			buildConfigurationList = F926DA79294EFFBB008A4798 /* Build configuration list for PBXNativeTarget "ReqResUsers" */;
			buildPhases = (
				F926DA61294EFFB9008A4798 /* Sources */,
				F926DA62294EFFB9008A4798 /* Frameworks */,
				F926DA63294EFFB9008A4798 /* Resources */,
			);
			buildRules = (
			);
			dependencies = (
			);
			name = ReqResUsers;
			productName = ReqResUsers;
			productReference = F926DA65294EFFB9008A4798 /* ReqResUsers.app */;
			productType = "com.apple.product-type.application";
		};
/* End PBXNativeTarget section */

/* Begin PBXProject section */
		F926DA5D294EFFB9008A4798 /* Project object */ = {
			isa = PBXProject;
			attributes = {
				BuildIndependentTargetsInParallel = 1;
				LastSwiftUpdateCheck = 1410;
				LastUpgradeCheck = 1410;
				TargetAttributes = {
					F926DA64294EFFB9008A4798 = {
						CreatedOnToolsVersion = 14.1;
					};
				};
			};
			buildConfigurationList = F926DA60294EFFB9008A4798 /* Build configuration list for PBXProject "ReqResUsers" */;
			compatibilityVersion = "Xcode 14.0";
			developmentRegion = en;
			hasScannedForEncodings = 0;
			knownRegions = (
				en,
				Base,
			);
			mainGroup = F926DA5C294EFFB9008A4798;
			productRefGroup = F926DA66294EFFB9008A4798 /* Products */;
			projectDirPath = "";
			projectRoot = "";
			targets = (
				F926DA64294EFFB9008A4798 /* ReqResUsers */,
			);
		};
/* End PBXProject section */

/* Begin PBXResourcesBuildPhase section */
		F926DA63294EFFB9008A4798 /* Resources */ = {
			isa = PBXResourcesBuildPhase;
			buildActionMask = 2147483647;
			files = (
				F926DA75294EFFBB008A4798 /* LaunchScreen.storyboard in Resources */,
				F926DA72294EFFBB008A4798 /* Assets.xcassets in Resources */,
				F926DA70294EFFB9008A4798 /* Main.storyboard in Resources */,
			);
			runOnlyForDeploymentPostprocessing = 0;
		};
/* End PBXResourcesBuildPhase section */

/* Begin PBXSourcesBuildPhase section */
		F926DA61294EFFB9008A4798 /* Sources */ = {
			isa = PBXSourcesBuildPhase;
			buildActionMask = 2147483647;
			files = (
				F926DA87294F0874008A4798 /* UsersViewController.swift in Sources */,
				F926DA81294F0246008A4798 /* Users.swift in Sources */,
				F926DA69294EFFB9008A4798 /* AppDelegate.swift in Sources */,
				F926DA6B294EFFB9008A4798 /* SceneDelegate.swift in Sources */,
				F926DA84294F02A6008A4798 /* NetworkManager.swift in Sources */,
				F926DA89294F1076008A4798 /* UserCell.swift in Sources */,
			);
			runOnlyForDeploymentPostprocessing = 0;
		};
/* End PBXSourcesBuildPhase section */

/* Begin PBXVariantGroup section */
		F926DA6E294EFFB9008A4798 /* Main.storyboard */ = {
			isa = PBXVariantGroup;
			children = (
				F926DA6F294EFFB9008A4798 /* Base */,
			);
			name = Main.storyboard;
			sourceTree = "<group>";
		};
		F926DA73294EFFBB008A4798 /* LaunchScreen.storyboard */ = {
			isa = PBXVariantGroup;
			children = (
				F926DA74294EFFBB008A4798 /* Base */,
			);
			name = LaunchScreen.storyboard;
			sourceTree = "<group>";
		};
/* End PBXVariantGroup section */

/* Begin XCBuildConfiguration section */
		F926DA77294EFFBB008A4798 /* Debug */ = {
			isa = XCBuildConfiguration;
			buildSettings = {
				ALWAYS_SEARCH_USER_PATHS = NO;
				CLANG_ANALYZER_NONNULL = YES;
				CLANG_ANALYZER_NUMBER_OBJECT_CONVERSION = YES_AGGRESSIVE;
				CLANG_CXX_LANGUAGE_STANDARD = "gnu++20";
				CLANG_ENABLE_MODULES = YES;
				CLANG_ENABLE_OBJC_ARC = YES;
				CLANG_ENABLE_OBJC_WEAK = YES;
				CLANG_WARN_BLOCK_CAPTURE_AUTORELEASING = YES;
				CLANG_WARN_BOOL_CONVERSION = YES;
				CLANG_WARN_COMMA = YES;
				CLANG_WARN_CONSTANT_CONVERSION = YES;
				CLANG_WARN_DEPRECATED_OBJC_IMPLEMENTATIONS = YES;
				CLANG_WARN_DIRECT_OBJC_ISA_USAGE = YES_ERROR;
				CLANG_WARN_DOCUMENTATION_COMMENTS = YES;
				CLANG_WARN_EMPTY_BODY = YES;
				CLANG_WARN_ENUM_CONVERSION = YES;
				CLANG_WARN_INFINITE_RECURSION = YES;
				CLANG_WARN_INT_CONVERSION = YES;
				CLANG_WARN_NON_LITERAL_NULL_CONVERSION = YES;
				CLANG_WARN_OBJC_IMPLICIT_RETAIN_SELF = YES;
				CLANG_WARN_OBJC_LITERAL_CONVERSION = YES;
				CLANG_WARN_OBJC_ROOT_CLASS = YES_ERROR;
				CLANG_WARN_QUOTED_INCLUDE_IN_FRAMEWORK_HEADER = YES;
				CLANG_WARN_RANGE_LOOP_ANALYSIS = YES;
				CLANG_WARN_STRICT_PROTOTYPES = YES;
				CLANG_WARN_SUSPICIOUS_MOVE = YES;
				CLANG_WARN_UNGUARDED_AVAILABILITY = YES_AGGRESSIVE;
				CLANG_WARN_UNREACHABLE_CODE = YES;
				CLANG_WARN__DUPLICATE_METHOD_MATCH = YES;
				COPY_PHASE_STRIP = NO;
				DEBUG_INFORMATION_FORMAT = dwarf;
				ENABLE_STRICT_OBJC_MSGSEND = YES;
				ENABLE_TESTABILITY = YES;
				GCC_C_LANGUAGE_STANDARD = gnu11;
				GCC_DYNAMIC_NO_PIC = NO;
				GCC_NO_COMMON_BLOCKS = YES;
				GCC_OPTIMIZATION_LEVEL = 0;
				GCC_PREPROCESSOR_DEFINITIONS = (
					"DEBUG=1",
					"$(inherited)",
				);
				GCC_WARN_64_TO_32_BIT_CONVERSION = YES;
				GCC_WARN_ABOUT_RETURN_TYPE = YES_ERROR;
				GCC_WARN_UNDECLARED_SELECTOR = YES;
				GCC_WARN_UNINITIALIZED_AUTOS = YES_AGGRESSIVE;
				GCC_WARN_UNUSED_FUNCTION = YES;
				GCC_WARN_UNUSED_VARIABLE = YES;
				IPHONEOS_DEPLOYMENT_TARGET = 16.1;
				MTL_ENABLE_DEBUG_INFO = INCLUDE_SOURCE;
				MTL_FAST_MATH = YES;
				ONLY_ACTIVE_ARCH = YES;
				SDKROOT = iphoneos;
				SWIFT_ACTIVE_COMPILATION_CONDITIONS = DEBUG;
				SWIFT_OPTIMIZATION_LEVEL = "-Onone";
			};
			name = Debug;
		};
		F926DA78294EFFBB008A4798 /* Release */ = {
			isa = XCBuildConfiguration;
			buildSettings = {
				ALWAYS_SEARCH_USER_PATHS = NO;
				CLANG_ANALYZER_NONNULL = YES;
				CLANG_ANALYZER_NUMBER_OBJECT_CONVERSION = YES_AGGRESSIVE;
				CLANG_CXX_LANGUAGE_STANDARD = "gnu++20";
				CLANG_ENABLE_MODULES = YES;
				CLANG_ENABLE_OBJC_ARC = YES;
				CLANG_ENABLE_OBJC_WEAK = YES;
				CLANG_WARN_BLOCK_CAPTURE_AUTORELEASING = YES;
				CLANG_WARN_BOOL_CONVERSION = YES;
				CLANG_WARN_COMMA = YES;
				CLANG_WARN_CONSTANT_CONVERSION = YES;
				CLANG_WARN_DEPRECATED_OBJC_IMPLEMENTATIONS = YES;
				CLANG_WARN_DIRECT_OBJC_ISA_USAGE = YES_ERROR;
				CLANG_WARN_DOCUMENTATION_COMMENTS = YES;
				CLANG_WARN_EMPTY_BODY = YES;
				CLANG_WARN_ENUM_CONVERSION = YES;
				CLANG_WARN_INFINITE_RECURSION = YES;
				CLANG_WARN_INT_CONVERSION = YES;
				CLANG_WARN_NON_LITERAL_NULL_CONVERSION = YES;
				CLANG_WARN_OBJC_IMPLICIT_RETAIN_SELF = YES;
				CLANG_WARN_OBJC_LITERAL_CONVERSION = YES;
				CLANG_WARN_OBJC_ROOT_CLASS = YES_ERROR;
				CLANG_WARN_QUOTED_INCLUDE_IN_FRAMEWORK_HEADER = YES;
				CLANG_WARN_RANGE_LOOP_ANALYSIS = YES;
				CLANG_WARN_STRICT_PROTOTYPES = YES;
				CLANG_WARN_SUSPICIOUS_MOVE = YES;
				CLANG_WARN_UNGUARDED_AVAILABILITY = YES_AGGRESSIVE;
				CLANG_WARN_UNREACHABLE_CODE = YES;
				CLANG_WARN__DUPLICATE_METHOD_MATCH = YES;
				COPY_PHASE_STRIP = NO;
				DEBUG_INFORMATION_FORMAT = "dwarf-with-dsym";
				ENABLE_NS_ASSERTIONS = NO;
				ENABLE_STRICT_OBJC_MSGSEND = YES;
				GCC_C_LANGUAGE_STANDARD = gnu11;
				GCC_NO_COMMON_BLOCKS = YES;
				GCC_WARN_64_TO_32_BIT_CONVERSION = YES;
				GCC_WARN_ABOUT_RETURN_TYPE = YES_ERROR;
				GCC_WARN_UNDECLARED_SELECTOR = YES;
				GCC_WARN_UNINITIALIZED_AUTOS = YES_AGGRESSIVE;
				GCC_WARN_UNUSED_FUNCTION = YES;
				GCC_WARN_UNUSED_VARIABLE = YES;
				IPHONEOS_DEPLOYMENT_TARGET = 16.1;
				MTL_ENABLE_DEBUG_INFO = NO;
				MTL_FAST_MATH = YES;
				SDKROOT = iphoneos;
				SWIFT_COMPILATION_MODE = wholemodule;
				SWIFT_OPTIMIZATION_LEVEL = "-O";
				VALIDATE_PRODUCT = YES;
			};
			name = Release;
		};
		F926DA7A294EFFBB008A4798 /* Debug */ = {
			isa = XCBuildConfiguration;
			buildSettings = {
				ASSETCATALOG_COMPILER_APPICON_NAME = AppIcon;
				ASSETCATALOG_COMPILER_GLOBAL_ACCENT_COLOR_NAME = AccentColor;
				CODE_SIGN_STYLE = Automatic;
				CURRENT_PROJECT_VERSION = 1;
				DEVELOPMENT_TEAM = ZRTD52285X;
				GENERATE_INFOPLIST_FILE = YES;
				INFOPLIST_FILE = ReqResUsers/App/Info.plist;
				INFOPLIST_KEY_UIApplicationSupportsIndirectInputEvents = YES;
				INFOPLIST_KEY_UILaunchStoryboardName = LaunchScreen;
				INFOPLIST_KEY_UIMainStoryboardFile = Main;
				INFOPLIST_KEY_UISupportedInterfaceOrientations_iPad = "UIInterfaceOrientationPortrait UIInterfaceOrientationPortraitUpsideDown UIInterfaceOrientationLandscapeLeft UIInterfaceOrientationLandscapeRight";
				INFOPLIST_KEY_UISupportedInterfaceOrientations_iPhone = "UIInterfaceOrientationPortrait UIInterfaceOrientationLandscapeLeft UIInterfaceOrientationLandscapeRight";
				IPHONEOS_DEPLOYMENT_TARGET = 16.1;
				LD_RUNPATH_SEARCH_PATHS = (
					"$(inherited)",
					"@executable_path/Frameworks",
				);
				MARKETING_VERSION = 1.0;
				PRODUCT_BUNDLE_IDENTIFIER = "gileva-vd.ReqResUsers";
				PRODUCT_NAME = "$(TARGET_NAME)";
				SWIFT_EMIT_LOC_STRINGS = YES;
				SWIFT_VERSION = 5.0;
				TARGETED_DEVICE_FAMILY = "1,2";
			};
			name = Debug;
		};
		F926DA7B294EFFBB008A4798 /* Release */ = {
			isa = XCBuildConfiguration;
			buildSettings = {
				ASSETCATALOG_COMPILER_APPICON_NAME = AppIcon;
				ASSETCATALOG_COMPILER_GLOBAL_ACCENT_COLOR_NAME = AccentColor;
				CODE_SIGN_STYLE = Automatic;
				CURRENT_PROJECT_VERSION = 1;
				DEVELOPMENT_TEAM = ZRTD52285X;
				GENERATE_INFOPLIST_FILE = YES;
				INFOPLIST_FILE = ReqResUsers/App/Info.plist;
				INFOPLIST_KEY_UIApplicationSupportsIndirectInputEvents = YES;
				INFOPLIST_KEY_UILaunchStoryboardName = LaunchScreen;
				INFOPLIST_KEY_UIMainStoryboardFile = Main;
				INFOPLIST_KEY_UISupportedInterfaceOrientations_iPad = "UIInterfaceOrientationPortrait UIInterfaceOrientationPortraitUpsideDown UIInterfaceOrientationLandscapeLeft UIInterfaceOrientationLandscapeRight";
				INFOPLIST_KEY_UISupportedInterfaceOrientations_iPhone = "UIInterfaceOrientationPortrait UIInterfaceOrientationLandscapeLeft UIInterfaceOrientationLandscapeRight";
				IPHONEOS_DEPLOYMENT_TARGET = 16.1;
				LD_RUNPATH_SEARCH_PATHS = (
					"$(inherited)",
					"@executable_path/Frameworks",
				);
				MARKETING_VERSION = 1.0;
				PRODUCT_BUNDLE_IDENTIFIER = "gileva-vd.ReqResUsers";
				PRODUCT_NAME = "$(TARGET_NAME)";
				SWIFT_EMIT_LOC_STRINGS = YES;
				SWIFT_VERSION = 5.0;
				TARGETED_DEVICE_FAMILY = "1,2";
			};
			name = Release;
		};
/* End XCBuildConfiguration section */

/* Begin XCConfigurationList section */
		F926DA60294EFFB9008A4798 /* Build configuration list for PBXProject "ReqResUsers" */ = {
			isa = XCConfigurationList;
			buildConfigurations = (
				F926DA77294EFFBB008A4798 /* Debug */,
				F926DA78294EFFBB008A4798 /* Release */,
			);
			defaultConfigurationIsVisible = 0;
			defaultConfigurationName = Release;
		};
		F926DA79294EFFBB008A4798 /* Build configuration list for PBXNativeTarget "ReqResUsers" */ = {
			isa = XCConfigurationList;
			buildConfigurations = (
				F926DA7A294EFFBB008A4798 /* Debug */,
				F926DA7B294EFFBB008A4798 /* Release */,
			);
			defaultConfigurationIsVisible = 0;
			defaultConfigurationName = Release;
		};
/* End XCConfigurationList section */
	};
	rootObject = F926DA5D294EFFB9008A4798 /* Project object */;
}
